
Microsoft Visual Studio Solution File, Format Version 12.00
# Visual Studio 15
VisualStudioVersion = 15.0.27130.2036
MinimumVisualStudioVersion = 10.0.40219.1
Project("{8BC9CEB8-8B4A-11D0-8D11-00A0C91BC942}") = "MeshViewer", "MeshViewer\MeshViewer.vcxproj", "{2A6632E9-A9F9-4125-9BFA-93DBED125711}"
EndProject
Project("{8BC9CEB8-8B4A-11D0-8D11-00A0C91BC942}") = "ViewMesh", "ViewMesh\ViewMesh.vcxproj", "{C6C21DEE-D79C-4C5E-A7EC-FFDC5EF80739}"
EndProject
Global
	GlobalSection(SolutionConfigurationPlatforms) = preSolution
		Debug|ARM = Debug|ARM
		Debug|x64 = Debug|x64
		Debug|x86 = Debug|x86
		Release|ARM = Release|ARM
		Release|x64 = Release|x64
		Release|x86 = Release|x86
	EndGlobalSection
	GlobalSection(ProjectConfigurationPlatforms) = postSolution
		{2A6632E9-A9F9-4125-9BFA-93DBED125711}.Debug|ARM.ActiveCfg = Debug|ARM
		{2A6632E9-A9F9-4125-9BFA-93DBED125711}.Debug|ARM.Build.0 = Debug|ARM
		{2A6632E9-A9F9-4125-9BFA-93DBED125711}.Debug|ARM.Deploy.0 = Debug|ARM
		{2A6632E9-A9F9-4125-9BFA-93DBED125711}.Debug|x64.ActiveCfg = Debug|x64
		{2A6632E9-A9F9-4125-9BFA-93DBED125711}.Debug|x64.Build.0 = Debug|x64
		{2A6632E9-A9F9-4125-9BFA-93DBED125711}.Debug|x64.Deploy.0 = Debug|x64
		{2A6632E9-A9F9-4125-9BFA-93DBED125711}.Debug|x86.ActiveCfg = Debug|Win32
		{2A6632E9-A9F9-4125-9BFA-93DBED125711}.Debug|x86.Build.0 = Debug|Win32
		{2A6632E9-A9F9-4125-9BFA-93DBED125711}.Debug|x86.Deploy.0 = Debug|Win32
		{2A6632E9-A9F9-4125-9BFA-93DBED125711}.Release|ARM.ActiveCfg = Release|ARM
		{2A6632E9-A9F9-4125-9BFA-93DBED125711}.Release|ARM.Build.0 = Release|ARM
		{2A6632E9-A9F9-4125-9BFA-93DBED125711}.Release|ARM.Deploy.0 = Release|ARM
		{2A6632E9-A9F9-4125-9BFA-93DBED125711}.Release|x64.ActiveCfg = Release|x64
		{2A6632E9-A9F9-4125-9BFA-93DBED125711}.Release|x64.Build.0 = Release|x64
		{2A6632E9-A9F9-4125-9BFA-93DBED125711}.Release|x64.Deploy.0 = Release|x64
		{2A6632E9-A9F9-4125-9BFA-93DBED125711}.Release|x86.ActiveCfg = Release|Win32
		{2A6632E9-A9F9-4125-9BFA-93DBED125711}.Release|x86.Build.0 = Release|Win32
		{2A6632E9-A9F9-4125-9BFA-93DBED125711}.Release|x86.Deploy.0 = Release|Win32
		{C6C21DEE-D79C-4C5E-A7EC-FFDC5EF80739}.Debug|ARM.ActiveCfg = Debug|Win32
		{C6C21DEE-D79C-4C5E-A7EC-FFDC5EF80739}.Debug|x64.ActiveCfg = Debug|x64
		{C6C21DEE-D79C-4C5E-A7EC-FFDC5EF80739}.Debug|x64.Build.0 = Debug|x64
		{C6C21DEE-D79C-4C5E-A7EC-FFDC5EF80739}.Debug|x86.ActiveCfg = Debug|Win32
		{C6C21DEE-D79C-4C5E-A7EC-FFDC5EF80739}.Debug|x86.Build.0 = Debug|Win32
		{C6C21DEE-D79C-4C5E-A7EC-FFDC5EF80739}.Release|ARM.ActiveCfg = Release|Win32
		{C6C21DEE-D79C-4C5E-A7EC-FFDC5EF80739}.Release|x64.ActiveCfg = Release|x64
		{C6C21DEE-D79C-4C5E-A7EC-FFDC5EF80739}.Release|x64.Build.0 = Release|x64
		{C6C21DEE-D79C-4C5E-A7EC-FFDC5EF80739}.Release|x86.ActiveCfg = Release|Win32
		{C6C21DEE-D79C-4C5E-A7EC-FFDC5EF80739}.Release|x86.Build.0 = Release|Win32
	EndGlobalSection
	GlobalSection(SolutionProperties) = preSolution
		HideSolutionNode = FALSE
	EndGlobalSection
	GlobalSection(ExtensibilityGlobals) = postSolution
		SolutionGuid = {60720C01-7E10-4BD5-A23D-4C93109B84C9}
	EndGlobalSection
EndGlobal
